
Microsoft Visual Studio Solution File, Format Version 12.00
# Visual Studio 15
VisualStudioVersion = 15.0.26430.12
MinimumVisualStudioVersion = 10.0.40219.1
Project("{FAE04EC0-301F-11D3-BF4B-00C04F79EFBC}") = "Disassembler.Core", "Disassembler.Core\Disassembler.Core.csproj", "{41A8FB21-68AA-43A5-9C79-D915786B80B5}"
EndProject
Project("{FAE04EC0-301F-11D3-BF4B-00C04F79EFBC}") = "Disassembler", "Disassembler\Disassembler.csproj", "{5EA664C4-F6E3-4A51-9B9E-974D2674E14E}"
EndProject
Project("{FAE04EC0-301F-11D3-BF4B-00C04F79EFBC}") = "Disassembler.Win16", "Disassembler.Win16\Disassembler.Win16.csproj", "{60EDADB6-EC41-40F4-974D-6243DE991586}"
EndProject
Global
	GlobalSection(SolutionConfigurationPlatforms) = preSolution
		Debug|Any CPU = Debug|Any CPU
		Release|Any CPU = Release|Any CPU
	EndGlobalSection
	GlobalSection(ProjectConfigurationPlatforms) = postSolution
		{41A8FB21-68AA-43A5-9C79-D915786B80B5}.Debug|Any CPU.ActiveCfg = Debug|Any CPU
		{41A8FB21-68AA-43A5-9C79-D915786B80B5}.Debug|Any CPU.Build.0 = Debug|Any CPU
		{41A8FB21-68AA-43A5-9C79-D915786B80B5}.Release|Any CPU.ActiveCfg = Release|Any CPU
		{41A8FB21-68AA-43A5-9C79-D915786B80B5}.Release|Any CPU.Build.0 = Release|Any CPU
		{5EA664C4-F6E3-4A51-9B9E-974D2674E14E}.Debug|Any CPU.ActiveCfg = Debug|Any CPU
		{5EA664C4-F6E3-4A51-9B9E-974D2674E14E}.Debug|Any CPU.Build.0 = Debug|Any CPU
		{5EA664C4-F6E3-4A51-9B9E-974D2674E14E}.Release|Any CPU.ActiveCfg = Release|Any CPU
		{5EA664C4-F6E3-4A51-9B9E-974D2674E14E}.Release|Any CPU.Build.0 = Release|Any CPU
		{60EDADB6-EC41-40F4-974D-6243DE991586}.Debug|Any CPU.ActiveCfg = Debug|Any CPU
		{60EDADB6-EC41-40F4-974D-6243DE991586}.Debug|Any CPU.Build.0 = Debug|Any CPU
		{60EDADB6-EC41-40F4-974D-6243DE991586}.Release|Any CPU.ActiveCfg = Release|Any CPU
		{60EDADB6-EC41-40F4-974D-6243DE991586}.Release|Any CPU.Build.0 = Release|Any CPU
	EndGlobalSection
	GlobalSection(SolutionProperties) = preSolution
		HideSolutionNode = FALSE
	EndGlobalSection
	GlobalSection(ExtensibilityGlobals) = postSolution
		SolutionGuid = {C7BB0E52-F44F-4CF9-8708-4E59CAAE2B9B}
	EndGlobalSection
EndGlobal
